
Microsoft Visual Studio Solution File, Format Version 12.00
# Visual Studio Version 17
VisualStudioVersion = 17.7.34031.279
MinimumVisualStudioVersion = 10.0.40219.1
Project("{9A19103F-16F7-4668-BE54-9A1E7A4F7556}") = "Sheenam.Api", "Sheenam.Api\Sheenam.Api.csproj", "{6B1119D2-F905-4339-B737-B7D24CAF92FD}"
EndProject
Project("{FAE04EC0-301F-11D3-BF4B-00C04F79EFBC}") = "Sheenam.Api.Tests.Unit", "Sheenam.Api.Tests.Unit\Sheenam.Api.Tests.Unit.csproj", "{9A392B06-B3F7-43A2-9D0C-A32914476C99}"
EndProject
Global
	GlobalSection(SolutionConfigurationPlatforms) = preSolution
		Debug|Any CPU = Debug|Any CPU
		Release|Any CPU = Release|Any CPU
	EndGlobalSection
	GlobalSection(ProjectConfigurationPlatforms) = postSolution
		{6B1119D2-F905-4339-B737-B7D24CAF92FD}.Debug|Any CPU.ActiveCfg = Debug|Any CPU
		{6B1119D2-F905-4339-B737-B7D24CAF92FD}.Debug|Any CPU.Build.0 = Debug|Any CPU
		{6B1119D2-F905-4339-B737-B7D24CAF92FD}.Release|Any CPU.ActiveCfg = Release|Any CPU
		{6B1119D2-F905-4339-B737-B7D24CAF92FD}.Release|Any CPU.Build.0 = Release|Any CPU
		{9A392B06-B3F7-43A2-9D0C-A32914476C99}.Debug|Any CPU.ActiveCfg = Debug|Any CPU
		{9A392B06-B3F7-43A2-9D0C-A32914476C99}.Debug|Any CPU.Build.0 = Debug|Any CPU
		{9A392B06-B3F7-43A2-9D0C-A32914476C99}.Release|Any CPU.ActiveCfg = Release|Any CPU
		{9A392B06-B3F7-43A2-9D0C-A32914476C99}.Release|Any CPU.Build.0 = Release|Any CPU
	EndGlobalSection
	GlobalSection(SolutionProperties) = preSolution
		HideSolutionNode = FALSE
	EndGlobalSection
	GlobalSection(ExtensibilityGlobals) = postSolution
		SolutionGuid = {9540ACB5-2209-4F80-8CBA-52EE9C6EE9AF}
	EndGlobalSection
EndGlobal
